// !$*UTF8*$!
{
	archiveVersion = 1;
	classes = {
	};
	objectVersion = 77;
	objects = {

/* Begin PBXBuildFile section */
		965577FE2D5DD64C009AE626 /* README.md in Resources */ = {isa = PBXBuildFile; fileRef = 965577FD2D5DD642009AE626 /* README.md */; };
/* End PBXBuildFile section */

/* Begin PBXContainerItemProxy section */
		96578D0B2D5AB83B00D8D6B8 /* PBXContainerItemProxy */ = {
			isa = PBXContainerItemProxy;
			containerPortal = 96578CF12D5AB83A00D8D6B8 /* Project object */;
			proxyType = 1;
			remoteGlobalIDString = 96578CF82D5AB83A00D8D6B8;
			remoteInfo = A2HiresViewer;
		};
		96578D152D5AB83B00D8D6B8 /* PBXContainerItemProxy */ = {
			isa = PBXContainerItemProxy;
			containerPortal = 96578CF12D5AB83A00D8D6B8 /* Project object */;
			proxyType = 1;
			remoteGlobalIDString = 96578CF82D5AB83A00D8D6B8;
			remoteInfo = A2HiresViewer;
		};
/* End PBXContainerItemProxy section */

/* Begin PBXFileReference section */
		965577FD2D5DD642009AE626 /* README.md */ = {isa = PBXFileReference; lastKnownFileType = net.daringfireball.markdown; path = README.md; sourceTree = "<group>"; };
		96578CF92D5AB83A00D8D6B8 /* A2HiresViewer.app */ = {isa = PBXFileReference; explicitFileType = wrapper.application; includeInIndex = 0; path = A2HiresViewer.app; sourceTree = BUILT_PRODUCTS_DIR; };
		96578D0A2D5AB83B00D8D6B8 /* A2HiresViewerTests.xctest */ = {isa = PBXFileReference; explicitFileType = wrapper.cfbundle; includeInIndex = 0; path = A2HiresViewerTests.xctest; sourceTree = BUILT_PRODUCTS_DIR; };
		96578D142D5AB83B00D8D6B8 /* A2HiresViewerUITests.xctest */ = {isa = PBXFileReference; explicitFileType = wrapper.cfbundle; includeInIndex = 0; path = A2HiresViewerUITests.xctest; sourceTree = BUILT_PRODUCTS_DIR; };
/* End PBXFileReference section */

/* Begin PBXFileSystemSynchronizedRootGroup section */
		96578CFB2D5AB83A00D8D6B8 /* A2HiresViewer */ = {
			isa = PBXFileSystemSynchronizedRootGroup;
			path = A2HiresViewer;
			sourceTree = "<group>";
		};
		96578D0D2D5AB83B00D8D6B8 /* A2HiresViewerTests */ = {
			isa = PBXFileSystemSynchronizedRootGroup;
			path = A2HiresViewerTests;
			sourceTree = "<group>";
		};
		96578D172D5AB83B00D8D6B8 /* A2HiresViewerUITests */ = {
			isa = PBXFileSystemSynchronizedRootGroup;
			path = A2HiresViewerUITests;
			sourceTree = "<group>";
		};
/* End PBXFileSystemSynchronizedRootGroup section */

/* Begin PBXFrameworksBuildPhase section */
		96578CF62D5AB83A00D8D6B8 /* Frameworks */ = {
			isa = PBXFrameworksBuildPhase;
			buildActionMask = 2147483647;
			files = (
			);
			runOnlyForDeploymentPostprocessing = 0;
		};
		96578D072D5AB83B00D8D6B8 /* Frameworks */ = {
			isa = PBXFrameworksBuildPhase;
			buildActionMask = 2147483647;
			files = (
			);
			runOnlyForDeploymentPostprocessing = 0;
		};
		96578D112D5AB83B00D8D6B8 /* Frameworks */ = {
			isa = PBXFrameworksBuildPhase;
			buildActionMask = 2147483647;
			files = (
			);
			runOnlyForDeploymentPostprocessing = 0;
		};
/* End PBXFrameworksBuildPhase section */

/* Begin PBXGroup section */
		96578CF02D5AB83A00D8D6B8 = {
			isa = PBXGroup;
			children = (
				965577FD2D5DD642009AE626 /* README.md */,
				96578CFB2D5AB83A00D8D6B8 /* A2HiresViewer */,
				96578D0D2D5AB83B00D8D6B8 /* A2HiresViewerTests */,
				96578D172D5AB83B00D8D6B8 /* A2HiresViewerUITests */,
				96578CFA2D5AB83A00D8D6B8 /* Products */,
			);
			sourceTree = "<group>";
		};
		96578CFA2D5AB83A00D8D6B8 /* Products */ = {
			isa = PBXGroup;
			children = (
				96578CF92D5AB83A00D8D6B8 /* A2HiresViewer.app */,
				96578D0A2D5AB83B00D8D6B8 /* A2HiresViewerTests.xctest */,
				96578D142D5AB83B00D8D6B8 /* A2HiresViewerUITests.xctest */,
			);
			name = Products;
			sourceTree = "<group>";
		};
/* End PBXGroup section */

/* Begin PBXNativeTarget section */
		96578CF82D5AB83A00D8D6B8 /* A2HiresViewer */ = {
			isa = PBXNativeTarget;
			buildConfigurationList = 96578D1E2D5AB83B00D8D6B8 /* Build configuration list for PBXNativeTarget "A2HiresViewer" */;
			buildPhases = (
				96578CF52D5AB83A00D8D6B8 /* Sources */,
				96578CF62D5AB83A00D8D6B8 /* Frameworks */,
				96578CF72D5AB83A00D8D6B8 /* Resources */,
			);
			buildRules = (
			);
			dependencies = (
			);
			fileSystemSynchronizedGroups = (
				96578CFB2D5AB83A00D8D6B8 /* A2HiresViewer */,
			);
			name = A2HiresViewer;
			packageProductDependencies = (
			);
			productName = A2HiresViewer;
			productReference = 96578CF92D5AB83A00D8D6B8 /* A2HiresViewer.app */;
			productType = "com.apple.product-type.application";
		};
		96578D092D5AB83B00D8D6B8 /* A2HiresViewerTests */ = {
			isa = PBXNativeTarget;
			buildConfigurationList = 96578D212D5AB83B00D8D6B8 /* Build configuration list for PBXNativeTarget "A2HiresViewerTests" */;
			buildPhases = (
				96578D062D5AB83B00D8D6B8 /* Sources */,
				96578D072D5AB83B00D8D6B8 /* Frameworks */,
				96578D082D5AB83B00D8D6B8 /* Resources */,
			);
			buildRules = (
			);
			dependencies = (
				96578D0C2D5AB83B00D8D6B8 /* PBXTargetDependency */,
			);
			fileSystemSynchronizedGroups = (
				96578D0D2D5AB83B00D8D6B8 /* A2HiresViewerTests */,
			);
			name = A2HiresViewerTests;
			packageProductDependencies = (
			);
			productName = A2HiresViewerTests;
			productReference = 96578D0A2D5AB83B00D8D6B8 /* A2HiresViewerTests.xctest */;
			productType = "com.apple.product-type.bundle.unit-test";
		};
		96578D132D5AB83B00D8D6B8 /* A2HiresViewerUITests */ = {
			isa = PBXNativeTarget;
			buildConfigurationList = 96578D242D5AB83B00D8D6B8 /* Build configuration list for PBXNativeTarget "A2HiresViewerUITests" */;
			buildPhases = (
				96578D102D5AB83B00D8D6B8 /* Sources */,
				96578D112D5AB83B00D8D6B8 /* Frameworks */,
				96578D122D5AB83B00D8D6B8 /* Resources */,
			);
			buildRules = (
			);
			dependencies = (
				96578D162D5AB83B00D8D6B8 /* PBXTargetDependency */,
			);
			fileSystemSynchronizedGroups = (
				96578D172D5AB83B00D8D6B8 /* A2HiresViewerUITests */,
			);
			name = A2HiresViewerUITests;
			packageProductDependencies = (
			);
			productName = A2HiresViewerUITests;
			productReference = 96578D142D5AB83B00D8D6B8 /* A2HiresViewerUITests.xctest */;
			productType = "com.apple.product-type.bundle.ui-testing";
		};
/* End PBXNativeTarget section */

/* Begin PBXProject section */
		96578CF12D5AB83A00D8D6B8 /* Project object */ = {
			isa = PBXProject;
			attributes = {
				BuildIndependentTargetsInParallel = 1;
				LastSwiftUpdateCheck = 1620;
				LastUpgradeCheck = 1620;
				TargetAttributes = {
					96578CF82D5AB83A00D8D6B8 = {
						CreatedOnToolsVersion = 16.2;
					};
					96578D092D5AB83B00D8D6B8 = {
						CreatedOnToolsVersion = 16.2;
						TestTargetID = 96578CF82D5AB83A00D8D6B8;
					};
					96578D132D5AB83B00D8D6B8 = {
						CreatedOnToolsVersion = 16.2;
						TestTargetID = 96578CF82D5AB83A00D8D6B8;
					};
				};
			};
			buildConfigurationList = 96578CF42D5AB83A00D8D6B8 /* Build configuration list for PBXProject "A2HiresViewer" */;
			developmentRegion = en;
			hasScannedForEncodings = 0;
			knownRegions = (
				en,
				Base,
			);
			mainGroup = 96578CF02D5AB83A00D8D6B8;
			minimizedProjectReferenceProxies = 1;
			preferredProjectObjectVersion = 77;
			productRefGroup = 96578CFA2D5AB83A00D8D6B8 /* Products */;
			projectDirPath = "";
			projectRoot = "";
			targets = (
				96578CF82D5AB83A00D8D6B8 /* A2HiresViewer */,
				96578D092D5AB83B00D8D6B8 /* A2HiresViewerTests */,
				96578D132D5AB83B00D8D6B8 /* A2HiresViewerUITests */,
			);
		};
/* End PBXProject section */

/* Begin PBXResourcesBuildPhase section */
		96578CF72D5AB83A00D8D6B8 /* Resources */ = {
			isa = PBXResourcesBuildPhase;
			buildActionMask = 2147483647;
			files = (
				965577FE2D5DD64C009AE626 /* README.md in Resources */,
			);
			runOnlyForDeploymentPostprocessing = 0;
		};
		96578D082D5AB83B00D8D6B8 /* Resources */ = {
			isa = PBXResourcesBuildPhase;
			buildActionMask = 2147483647;
			files = (
			);
			runOnlyForDeploymentPostprocessing = 0;
		};
		96578D122D5AB83B00D8D6B8 /* Resources */ = {
			isa = PBXResourcesBuildPhase;
			buildActionMask = 2147483647;
			files = (
			);
			runOnlyForDeploymentPostprocessing = 0;
		};
/* End PBXResourcesBuildPhase section */

/* Begin PBXSourcesBuildPhase section */
		96578CF52D5AB83A00D8D6B8 /* Sources */ = {
			isa = PBXSourcesBuildPhase;
			buildActionMask = 2147483647;
			files = (
			);
			runOnlyForDeploymentPostprocessing = 0;
		};
		96578D062D5AB83B00D8D6B8 /* Sources */ = {
			isa = PBXSourcesBuildPhase;
			buildActionMask = 2147483647;
			files = (
			);
			runOnlyForDeploymentPostprocessing = 0;
		};
		96578D102D5AB83B00D8D6B8 /* Sources */ = {
			isa = PBXSourcesBuildPhase;
			buildActionMask = 2147483647;
			files = (
			);
			runOnlyForDeploymentPostprocessing = 0;
		};
/* End PBXSourcesBuildPhase section */

/* Begin PBXTargetDependency section */
		96578D0C2D5AB83B00D8D6B8 /* PBXTargetDependency */ = {
			isa = PBXTargetDependency;
			target = 96578CF82D5AB83A00D8D6B8 /* A2HiresViewer */;
			targetProxy = 96578D0B2D5AB83B00D8D6B8 /* PBXContainerItemProxy */;
		};
		96578D162D5AB83B00D8D6B8 /* PBXTargetDependency */ = {
			isa = PBXTargetDependency;
			target = 96578CF82D5AB83A00D8D6B8 /* A2HiresViewer */;
			targetProxy = 96578D152D5AB83B00D8D6B8 /* PBXContainerItemProxy */;
		};
/* End PBXTargetDependency section */

/* Begin XCBuildConfiguration section */
		96578D1C2D5AB83B00D8D6B8 /* Debug */ = {
			isa = XCBuildConfiguration;
			buildSettings = {
				ALWAYS_SEARCH_USER_PATHS = NO;
				ASSETCATALOG_COMPILER_GENERATE_SWIFT_ASSET_SYMBOL_EXTENSIONS = YES;
				CLANG_ANALYZER_NONNULL = YES;
				CLANG_ANALYZER_NUMBER_OBJECT_CONVERSION = YES_AGGRESSIVE;
				CLANG_CXX_LANGUAGE_STANDARD = "gnu++20";
				CLANG_ENABLE_MODULES = YES;
				CLANG_ENABLE_OBJC_ARC = YES;
				CLANG_ENABLE_OBJC_WEAK = YES;
				CLANG_WARN_BLOCK_CAPTURE_AUTORELEASING = YES;
				CLANG_WARN_BOOL_CONVERSION = YES;
				CLANG_WARN_COMMA = YES;
				CLANG_WARN_CONSTANT_CONVERSION = YES;
				CLANG_WARN_DEPRECATED_OBJC_IMPLEMENTATIONS = YES;
				CLANG_WARN_DIRECT_OBJC_ISA_USAGE = YES_ERROR;
				CLANG_WARN_DOCUMENTATION_COMMENTS = YES;
				CLANG_WARN_EMPTY_BODY = YES;
				CLANG_WARN_ENUM_CONVERSION = YES;
				CLANG_WARN_INFINITE_RECURSION = YES;
				CLANG_WARN_INT_CONVERSION = YES;
				CLANG_WARN_NON_LITERAL_NULL_CONVERSION = YES;
				CLANG_WARN_OBJC_IMPLICIT_RETAIN_SELF = YES;
				CLANG_WARN_OBJC_LITERAL_CONVERSION = YES;
				CLANG_WARN_OBJC_ROOT_CLASS = YES_ERROR;
				CLANG_WARN_QUOTED_INCLUDE_IN_FRAMEWORK_HEADER = YES;
				CLANG_WARN_RANGE_LOOP_ANALYSIS = YES;
				CLANG_WARN_STRICT_PROTOTYPES = YES;
				CLANG_WARN_SUSPICIOUS_MOVE = YES;
				CLANG_WARN_UNGUARDED_AVAILABILITY = YES_AGGRESSIVE;
				CLANG_WARN_UNREACHABLE_CODE = YES;
				CLANG_WARN__DUPLICATE_METHOD_MATCH = YES;
				COPY_PHASE_STRIP = NO;
				DEBUG_INFORMATION_FORMAT = dwarf;
				ENABLE_STRICT_OBJC_MSGSEND = YES;
				ENABLE_TESTABILITY = YES;
				ENABLE_USER_SCRIPT_SANDBOXING = YES;
				GCC_C_LANGUAGE_STANDARD = gnu17;
				GCC_DYNAMIC_NO_PIC = NO;
				GCC_NO_COMMON_BLOCKS = YES;
				GCC_OPTIMIZATION_LEVEL = 0;
				GCC_PREPROCESSOR_DEFINITIONS = (
					"DEBUG=1",
					"$(inherited)",
				);
				GCC_WARN_64_TO_32_BIT_CONVERSION = YES;
				GCC_WARN_ABOUT_RETURN_TYPE = YES_ERROR;
				GCC_WARN_UNDECLARED_SELECTOR = YES;
				GCC_WARN_UNINITIALIZED_AUTOS = YES_AGGRESSIVE;
				GCC_WARN_UNUSED_FUNCTION = YES;
				GCC_WARN_UNUSED_VARIABLE = YES;
				LOCALIZATION_PREFERS_STRING_CATALOGS = YES;
				MACOSX_DEPLOYMENT_TARGET = 15.0;
				MTL_ENABLE_DEBUG_INFO = INCLUDE_SOURCE;
				MTL_FAST_MATH = YES;
				ONLY_ACTIVE_ARCH = YES;
				SDKROOT = macosx;
				SWIFT_ACTIVE_COMPILATION_CONDITIONS = "DEBUG $(inherited)";
				SWIFT_OPTIMIZATION_LEVEL = "-Onone";
			};
			name = Debug;
		};
		96578D1D2D5AB83B00D8D6B8 /* Release */ = {
			isa = XCBuildConfiguration;
			buildSettings = {
				ALWAYS_SEARCH_USER_PATHS = NO;
				ASSETCATALOG_COMPILER_GENERATE_SWIFT_ASSET_SYMBOL_EXTENSIONS = YES;
				CLANG_ANALYZER_NONNULL = YES;
				CLANG_ANALYZER_NUMBER_OBJECT_CONVERSION = YES_AGGRESSIVE;
				CLANG_CXX_LANGUAGE_STANDARD = "gnu++20";
				CLANG_ENABLE_MODULES = YES;
				CLANG_ENABLE_OBJC_ARC = YES;
				CLANG_ENABLE_OBJC_WEAK = YES;
				CLANG_WARN_BLOCK_CAPTURE_AUTORELEASING = YES;
				CLANG_WARN_BOOL_CONVERSION = YES;
				CLANG_WARN_COMMA = YES;
				CLANG_WARN_CONSTANT_CONVERSION = YES;
				CLANG_WARN_DEPRECATED_OBJC_IMPLEMENTATIONS = YES;
				CLANG_WARN_DIRECT_OBJC_ISA_USAGE = YES_ERROR;
				CLANG_WARN_DOCUMENTATION_COMMENTS = YES;
				CLANG_WARN_EMPTY_BODY = YES;
				CLANG_WARN_ENUM_CONVERSION = YES;
				CLANG_WARN_INFINITE_RECURSION = YES;
				CLANG_WARN_INT_CONVERSION = YES;
				CLANG_WARN_NON_LITERAL_NULL_CONVERSION = YES;
				CLANG_WARN_OBJC_IMPLICIT_RETAIN_SELF = YES;
				CLANG_WARN_OBJC_LITERAL_CONVERSION = YES;
				CLANG_WARN_OBJC_ROOT_CLASS = YES_ERROR;
				CLANG_WARN_QUOTED_INCLUDE_IN_FRAMEWORK_HEADER = YES;
				CLANG_WARN_RANGE_LOOP_ANALYSIS = YES;
				CLANG_WARN_STRICT_PROTOTYPES = YES;
				CLANG_WARN_SUSPICIOUS_MOVE = YES;
				CLANG_WARN_UNGUARDED_AVAILABILITY = YES_AGGRESSIVE;
				CLANG_WARN_UNREACHABLE_CODE = YES;
				CLANG_WARN__DUPLICATE_METHOD_MATCH = YES;
				COPY_PHASE_STRIP = NO;
				DEBUG_INFORMATION_FORMAT = "dwarf-with-dsym";
				ENABLE_NS_ASSERTIONS = NO;
				ENABLE_STRICT_OBJC_MSGSEND = YES;
				ENABLE_USER_SCRIPT_SANDBOXING = YES;
				GCC_C_LANGUAGE_STANDARD = gnu17;
				GCC_NO_COMMON_BLOCKS = YES;
				GCC_WARN_64_TO_32_BIT_CONVERSION = YES;
				GCC_WARN_ABOUT_RETURN_TYPE = YES_ERROR;
				GCC_WARN_UNDECLARED_SELECTOR = YES;
				GCC_WARN_UNINITIALIZED_AUTOS = YES_AGGRESSIVE;
				GCC_WARN_UNUSED_FUNCTION = YES;
				GCC_WARN_UNUSED_VARIABLE = YES;
				LOCALIZATION_PREFERS_STRING_CATALOGS = YES;
				MACOSX_DEPLOYMENT_TARGET = 15.0;
				MTL_ENABLE_DEBUG_INFO = NO;
				MTL_FAST_MATH = YES;
				SDKROOT = macosx;
				SWIFT_COMPILATION_MODE = wholemodule;
			};
			name = Release;
		};
		96578D1F2D5AB83B00D8D6B8 /* Debug */ = {
			isa = XCBuildConfiguration;
			buildSettings = {
				ASSETCATALOG_COMPILER_APPICON_NAME = AppIcon;
				ASSETCATALOG_COMPILER_GLOBAL_ACCENT_COLOR_NAME = AccentColor;
				CODE_SIGN_ENTITLEMENTS = A2HiresViewer/A2HiresViewer.entitlements;
				CODE_SIGN_STYLE = Manual;
				COMBINE_HIDPI_IMAGES = YES;
				CURRENT_PROJECT_VERSION = 1;
				DEVELOPMENT_ASSET_PATHS = "\"A2HiresViewer/Preview Content\"";
				DEVELOPMENT_TEAM = "";
				ENABLE_HARDENED_RUNTIME = YES;
				ENABLE_PREVIEWS = YES;
				GENERATE_INFOPLIST_FILE = YES;
				INFOPLIST_KEY_NSHumanReadableCopyright = "";
				LD_RUNPATH_SEARCH_PATHS = (
					"$(inherited)",
					"@executable_path/../Frameworks",
				);
				MARKETING_VERSION = 1.0;
				PRODUCT_BUNDLE_IDENTIFIER = northnet.A2HiresViewer;
				PRODUCT_NAME = "$(TARGET_NAME)";
				PROVISIONING_PROFILE_SPECIFIER = "";
				SWIFT_EMIT_LOC_STRINGS = YES;
				SWIFT_VERSION = 5.0;
			};
			name = Debug;
		};
		96578D202D5AB83B00D8D6B8 /* Release */ = {
			isa = XCBuildConfiguration;
			buildSettings = {
				ASSETCATALOG_COMPILER_APPICON_NAME = AppIcon;
				ASSETCATALOG_COMPILER_GLOBAL_ACCENT_COLOR_NAME = AccentColor;
				CODE_SIGN_ENTITLEMENTS = A2HiresViewer/A2HiresViewer.entitlements;
				CODE_SIGN_STYLE = Manual;
				COMBINE_HIDPI_IMAGES = YES;
				CURRENT_PROJECT_VERSION = 1;
				DEVELOPMENT_ASSET_PATHS = "\"A2HiresViewer/Preview Content\"";
				DEVELOPMENT_TEAM = "";
				ENABLE_HARDENED_RUNTIME = YES;
				ENABLE_PREVIEWS = YES;
				GENERATE_INFOPLIST_FILE = YES;
				INFOPLIST_KEY_NSHumanReadableCopyright = "";
				LD_RUNPATH_SEARCH_PATHS = (
					"$(inherited)",
					"@executable_path/../Frameworks",
				);
				MARKETING_VERSION = 1.0;
				PRODUCT_BUNDLE_IDENTIFIER = northnet.A2HiresViewer;
				PRODUCT_NAME = "$(TARGET_NAME)";
				PROVISIONING_PROFILE_SPECIFIER = "";
				SWIFT_EMIT_LOC_STRINGS = YES;
				SWIFT_VERSION = 5.0;
			};
			name = Release;
		};
		96578D222D5AB83B00D8D6B8 /* Debug */ = {
			isa = XCBuildConfiguration;
			buildSettings = {
				BUNDLE_LOADER = "$(TEST_HOST)";
				CODE_SIGN_STYLE = Automatic;
				CURRENT_PROJECT_VERSION = 1;
				DEVELOPMENT_TEAM = PW8MB5R77U;
				GENERATE_INFOPLIST_FILE = YES;
				MACOSX_DEPLOYMENT_TARGET = 15.2;
				MARKETING_VERSION = 1.0;
				PRODUCT_BUNDLE_IDENTIFIER = northnet.A2HiresViewerTests;
				PRODUCT_NAME = "$(TARGET_NAME)";
				SWIFT_EMIT_LOC_STRINGS = NO;
				SWIFT_VERSION = 5.0;
				TEST_HOST = "$(BUILT_PRODUCTS_DIR)/A2HiresViewer.app/$(BUNDLE_EXECUTABLE_FOLDER_PATH)/A2HiresViewer";
			};
			name = Debug;
		};
		96578D232D5AB83B00D8D6B8 /* Release */ = {
			isa = XCBuildConfiguration;
			buildSettings = {
				BUNDLE_LOADER = "$(TEST_HOST)";
				CODE_SIGN_STYLE = Automatic;
				CURRENT_PROJECT_VERSION = 1;
				DEVELOPMENT_TEAM = PW8MB5R77U;
				GENERATE_INFOPLIST_FILE = YES;
				MACOSX_DEPLOYMENT_TARGET = 15.2;
				MARKETING_VERSION = 1.0;
				PRODUCT_BUNDLE_IDENTIFIER = northnet.A2HiresViewerTests;
				PRODUCT_NAME = "$(TARGET_NAME)";
				SWIFT_EMIT_LOC_STRINGS = NO;
				SWIFT_VERSION = 5.0;
				TEST_HOST = "$(BUILT_PRODUCTS_DIR)/A2HiresViewer.app/$(BUNDLE_EXECUTABLE_FOLDER_PATH)/A2HiresViewer";
			};
			name = Release;
		};
		96578D252D5AB83B00D8D6B8 /* Debug */ = {
			isa = XCBuildConfiguration;
			buildSettings = {
				CODE_SIGN_STYLE = Automatic;
				CURRENT_PROJECT_VERSION = 1;
				DEVELOPMENT_TEAM = PW8MB5R77U;
				GENERATE_INFOPLIST_FILE = YES;
				MARKETING_VERSION = 1.0;
				PRODUCT_BUNDLE_IDENTIFIER = northnet.A2HiresViewerUITests;
				PRODUCT_NAME = "$(TARGET_NAME)";
				SWIFT_EMIT_LOC_STRINGS = NO;
				SWIFT_VERSION = 5.0;
				TEST_TARGET_NAME = A2HiresViewer;
			};
			name = Debug;
		};
		96578D262D5AB83B00D8D6B8 /* Release */ = {
			isa = XCBuildConfiguration;
			buildSettings = {
				CODE_SIGN_STYLE = Automatic;
				CURRENT_PROJECT_VERSION = 1;
				DEVELOPMENT_TEAM = PW8MB5R77U;
				GENERATE_INFOPLIST_FILE = YES;
				MARKETING_VERSION = 1.0;
				PRODUCT_BUNDLE_IDENTIFIER = northnet.A2HiresViewerUITests;
				PRODUCT_NAME = "$(TARGET_NAME)";
				SWIFT_EMIT_LOC_STRINGS = NO;
				SWIFT_VERSION = 5.0;
				TEST_TARGET_NAME = A2HiresViewer;
			};
			name = Release;
		};
/* End XCBuildConfiguration section */

/* Begin XCConfigurationList section */
		96578CF42D5AB83A00D8D6B8 /* Build configuration list for PBXProject "A2HiresViewer" */ = {
			isa = XCConfigurationList;
			buildConfigurations = (
				96578D1C2D5AB83B00D8D6B8 /* Debug */,
				96578D1D2D5AB83B00D8D6B8 /* Release */,
			);
			defaultConfigurationIsVisible = 0;
			defaultConfigurationName = Release;
		};
		96578D1E2D5AB83B00D8D6B8 /* Build configuration list for PBXNativeTarget "A2HiresViewer" */ = {
			isa = XCConfigurationList;
			buildConfigurations = (
				96578D1F2D5AB83B00D8D6B8 /* Debug */,
				96578D202D5AB83B00D8D6B8 /* Release */,
			);
			defaultConfigurationIsVisible = 0;
			defaultConfigurationName = Release;
		};
		96578D212D5AB83B00D8D6B8 /* Build configuration list for PBXNativeTarget "A2HiresViewerTests" */ = {
			isa = XCConfigurationList;
			buildConfigurations = (
				96578D222D5AB83B00D8D6B8 /* Debug */,
				96578D232D5AB83B00D8D6B8 /* Release */,
			);
			defaultConfigurationIsVisible = 0;
			defaultConfigurationName = Release;
		};
		96578D242D5AB83B00D8D6B8 /* Build configuration list for PBXNativeTarget "A2HiresViewerUITests" */ = {
			isa = XCConfigurationList;
			buildConfigurations = (
				96578D252D5AB83B00D8D6B8 /* Debug */,
				96578D262D5AB83B00D8D6B8 /* Release */,
			);
			defaultConfigurationIsVisible = 0;
			defaultConfigurationName = Release;
		};
/* End XCConfigurationList section */
	};
	rootObject = 96578CF12D5AB83A00D8D6B8 /* Project object */;
}
